
Microsoft Visual Studio Solution File, Format Version 12.00
# Visual Studio Version 17
VisualStudioVersion = 17.6.33815.320
MinimumVisualStudioVersion = 10.0.40219.1
Project("{FAE04EC0-301F-11D3-BF4B-00C04F79EFBC}") = "MH-Builds", "MH-Builds\MH-Builds.csproj", "{5A5FE4B8-10F9-449D-8FDE-DE6675895EBD}"
EndProject
Global
	GlobalSection(SolutionConfigurationPlatforms) = preSolution
		Debug|Any CPU = Debug|Any CPU
		Release|Any CPU = Release|Any CPU
	EndGlobalSection
	GlobalSection(ProjectConfigurationPlatforms) = postSolution
		{5A5FE4B8-10F9-449D-8FDE-DE6675895EBD}.Debug|Any CPU.ActiveCfg = Debug|Any CPU
		{5A5FE4B8-10F9-449D-8FDE-DE6675895EBD}.Debug|Any CPU.Build.0 = Debug|Any CPU
		{5A5FE4B8-10F9-449D-8FDE-DE6675895EBD}.Release|Any CPU.ActiveCfg = Release|Any CPU
		{5A5FE4B8-10F9-449D-8FDE-DE6675895EBD}.Release|Any CPU.Build.0 = Release|Any CPU
	EndGlobalSection
	GlobalSection(SolutionProperties) = preSolution
		HideSolutionNode = FALSE
	EndGlobalSection
	GlobalSection(ExtensibilityGlobals) = postSolution
		SolutionGuid = {064A5C12-B623-4EF2-A9AD-0F1B3D5E3B66}
	EndGlobalSection
EndGlobal
